
Microsoft Visual Studio Solution File, Format Version 12.00
# Visual Studio Version 16
VisualStudioVersion = 16.0.30621.155
MinimumVisualStudioVersion = 10.0.40219.1
Project("{FAE04EC0-301F-11D3-BF4B-00C04F79EFBC}") = "MouseClicker", "MouseClicker\MouseClicker.csproj", "{3B5A7090-D41A-4A5D-ABCD-3AEB30FB02C8}"
EndProject
Global
	GlobalSection(SolutionConfigurationPlatforms) = preSolution
		Debug|Any CPU = Debug|Any CPU
		Release|Any CPU = Release|Any CPU
	EndGlobalSection
	GlobalSection(ProjectConfigurationPlatforms) = postSolution
		{3B5A7090-D41A-4A5D-ABCD-3AEB30FB02C8}.Debug|Any CPU.ActiveCfg = Debug|Any CPU
		{3B5A7090-D41A-4A5D-ABCD-3AEB30FB02C8}.Debug|Any CPU.Build.0 = Debug|Any CPU
		{3B5A7090-D41A-4A5D-ABCD-3AEB30FB02C8}.Release|Any CPU.ActiveCfg = Release|Any CPU
		{3B5A7090-D41A-4A5D-ABCD-3AEB30FB02C8}.Release|Any CPU.Build.0 = Release|Any CPU
	EndGlobalSection
	GlobalSection(SolutionProperties) = preSolution
		HideSolutionNode = FALSE
	EndGlobalSection
	GlobalSection(ExtensibilityGlobals) = postSolution
		SolutionGuid = {E556E2BC-DA13-4F74-AFFB-E7839F9D8845}
	EndGlobalSection
EndGlobal
